
Microsoft Visual Studio Solution File, Format Version 12.00
# Visual Studio Version 17
VisualStudioVersion = 17.14.37301.10 d17.14
MinimumVisualStudioVersion = 10.0.40219.1
Project("{FAE04EC0-301F-11D3-BF4B-00C04F79EFBC}") = "BankingSystem", "BankingSystem\BankingSystem.csproj", "{BA05F843-02FE-4023-AB31-31C1BE331EF6}"
EndProject
Global
	GlobalSection(SolutionConfigurationPlatforms) = preSolution
		Debug|Any CPU = Debug|Any CPU
		Release|Any CPU = Release|Any CPU
	EndGlobalSection
	GlobalSection(ProjectConfigurationPlatforms) = postSolution
		{BA05F843-02FE-4023-AB31-31C1BE331EF6}.Debug|Any CPU.ActiveCfg = Debug|Any CPU
		{BA05F843-02FE-4023-AB31-31C1BE331EF6}.Debug|Any CPU.Build.0 = Debug|Any CPU
		{BA05F843-02FE-4023-AB31-31C1BE331EF6}.Release|Any CPU.ActiveCfg = Release|Any CPU
		{BA05F843-02FE-4023-AB31-31C1BE331EF6}.Release|Any CPU.Build.0 = Release|Any CPU
	EndGlobalSection
	GlobalSection(SolutionProperties) = preSolution
		HideSolutionNode = FALSE
	EndGlobalSection
	GlobalSection(ExtensibilityGlobals) = postSolution
		SolutionGuid = {C7CC0EC5-9D80-4AC7-90BD-8E2305F52106}
	EndGlobalSection
EndGlobal
