
Microsoft Visual Studio Solution File, Format Version 12.00
# Visual Studio Version 17
VisualStudioVersion = 17.14.37301.10 d17.14
MinimumVisualStudioVersion = 10.0.40219.1
Project("{FAE04EC0-301F-11D3-BF4B-00C04F79EFBC}") = "HelloWorld", "HelloWorld\HelloWorld.csproj", "{43F848A3-F2BD-4BD8-86B0-3BCF477CA99A}"
EndProject
Global
	GlobalSection(SolutionConfigurationPlatforms) = preSolution
		Debug|Any CPU = Debug|Any CPU
		Release|Any CPU = Release|Any CPU
	EndGlobalSection
	GlobalSection(ProjectConfigurationPlatforms) = postSolution
		{43F848A3-F2BD-4BD8-86B0-3BCF477CA99A}.Debug|Any CPU.ActiveCfg = Debug|Any CPU
		{43F848A3-F2BD-4BD8-86B0-3BCF477CA99A}.Debug|Any CPU.Build.0 = Debug|Any CPU
		{43F848A3-F2BD-4BD8-86B0-3BCF477CA99A}.Release|Any CPU.ActiveCfg = Release|Any CPU
		{43F848A3-F2BD-4BD8-86B0-3BCF477CA99A}.Release|Any CPU.Build.0 = Release|Any CPU
	EndGlobalSection
	GlobalSection(SolutionProperties) = preSolution
		HideSolutionNode = FALSE
	EndGlobalSection
	GlobalSection(ExtensibilityGlobals) = postSolution
		SolutionGuid = {77A4B795-81CD-4BB3-BE1B-18680A93D8A9}
	EndGlobalSection
EndGlobal
