
Microsoft Visual Studio Solution File, Format Version 12.00
# Visual Studio Version 17
VisualStudioVersion = 17.14.37301.10 d17.14
MinimumVisualStudioVersion = 10.0.40219.1
Project("{FAE04EC0-301F-11D3-BF4B-00C04F79EFBC}") = "Calculator", "Calculator\Calculator.csproj", "{FABCDB29-A099-4A0B-AD48-CD58CD1580DA}"
EndProject
Global
	GlobalSection(SolutionConfigurationPlatforms) = preSolution
		Debug|Any CPU = Debug|Any CPU
		Release|Any CPU = Release|Any CPU
	EndGlobalSection
	GlobalSection(ProjectConfigurationPlatforms) = postSolution
		{FABCDB29-A099-4A0B-AD48-CD58CD1580DA}.Debug|Any CPU.ActiveCfg = Debug|Any CPU
		{FABCDB29-A099-4A0B-AD48-CD58CD1580DA}.Debug|Any CPU.Build.0 = Debug|Any CPU
		{FABCDB29-A099-4A0B-AD48-CD58CD1580DA}.Release|Any CPU.ActiveCfg = Release|Any CPU
		{FABCDB29-A099-4A0B-AD48-CD58CD1580DA}.Release|Any CPU.Build.0 = Release|Any CPU
	EndGlobalSection
	GlobalSection(SolutionProperties) = preSolution
		HideSolutionNode = FALSE
	EndGlobalSection
	GlobalSection(ExtensibilityGlobals) = postSolution
		SolutionGuid = {A630C157-AE7F-4505-888A-46F42EB57555}
	EndGlobalSection
EndGlobal
